# @generated - this file is auto-generated by `mise lock` https://mise.jdx.dev/dev-tools/mise-lock.html

lockfile_version = 1

[[tools.mr-boxington]]
version = "1.12.0"
backend = "packslip:github.com/jdx/mr-boxington"
specifiers = ["1.12.0"]

[tools.mr-boxington."platforms.linux-arm64"]
checksum = "sha256:34b684000c245894e37729794b3cfbddd981a3693c9e3c5ebff256db25dcc91a"
url = "https://github.com/jdx/mr-boxington/releases/download/v1.12.0/mbx-aarch64-unknown-linux-gnu.tar.gz"
signer = "sigstore-oidc:https://github.com/jdx/mr-boxington/.github/workflows/release.yml"

[tools.mr-boxington."platforms.linux-x64"]
checksum = "sha256:d577a724dff2e6564329a049627f446e0a1d9a4cc0c9884c44e7487ea6253f33"
url = "https://github.com/jdx/mr-boxington/releases/download/v1.12.0/mbx-x86_64-unknown-linux-gnu.tar.gz"
signer = "sigstore-oidc:https://github.com/jdx/mr-boxington/.github/workflows/release.yml"

[[tools.rust]]
version = "1.98.1"
backend = "core:rust"
specifiers = ["1.98.1"]

[tools.rust.options]
components = "clippy,rustfmt"
targets = "aarch64-apple-darwin,aarch64-unknown-linux-gnu,x86_64-apple-darwin,x86_64-unknown-linux-gnu,x86_64-unknown-linux-musl"
