# @generated - this file is auto-generated by `mise lock` https://mise.jdx.dev/dev-tools/mise-lock.html

lockfile_version = 1

[[tools.rust]]
version = "1.98.1"
backend = "core:rust"
specifiers = ["1.98.1"]

[tools.rust.options]
components = "clippy,rustfmt"
targets = "aarch64-apple-darwin,aarch64-unknown-linux-gnu,x86_64-apple-darwin,x86_64-unknown-linux-gnu,x86_64-unknown-linux-musl"

[[tools.mr-boxington]]
version = "1.8.3"
backend = "github:jdx/mr-boxington"
specifiers = ["1.8.3"]

[tools.mr-boxington."platforms.linux-arm64"]
checksum = "sha256:c8c0e6ac85afcf17f7143df127337d8ee8fdc22f879bf812081d8958ee253937"
url = "https://github.com/jdx/mr-boxington/releases/download/v1.8.3/mbx-aarch64-unknown-linux-gnu.tar.gz"
url_api = "https://api.github.com/repos/jdx/mr-boxington/releases/assets/546079709"
provenance = "github-attestations"

[tools.mr-boxington."platforms.linux-x64"]
checksum = "sha256:62d122a4103ca286ef86a5c8429d21404f60e795345b8c853a9da0a18ef6dbde"
url = "https://github.com/jdx/mr-boxington/releases/download/v1.8.3/mbx-x86_64-unknown-linux-gnu.tar.gz"
url_api = "https://api.github.com/repos/jdx/mr-boxington/releases/assets/546079720"
provenance = "github-attestations"
