# @generated - this file is auto-generated by `mise lock` https://mise.jdx.dev/dev-tools/mise-lock.html

lockfile_version = 1

[[tools.mr-boxington]]
version = "1.11.1"
backend = "packslip:github.com/jdx/mr-boxington"
specifiers = ["1.11.1"]

[tools.mr-boxington."platforms.linux-arm64"]
checksum = "sha256:a05f13ee92e1100306ff707592d33195cadf9b61209921662915bd71643d63f9"
url = "https://github.com/jdx/mr-boxington/releases/download/v1.11.1/mbx-aarch64-unknown-linux-gnu.tar.gz"
signer = "sigstore-oidc:https://github.com/jdx/mr-boxington/.github/workflows/release.yml"

[tools.mr-boxington."platforms.linux-x64"]
checksum = "sha256:b854c43bd335b1e450138b06fab82512cf550300ee224fe5d17e2cb673986079"
url = "https://github.com/jdx/mr-boxington/releases/download/v1.11.1/mbx-x86_64-unknown-linux-gnu.tar.gz"
signer = "sigstore-oidc:https://github.com/jdx/mr-boxington/.github/workflows/release.yml"

[[tools.rust]]
version = "1.98.1"
backend = "core:rust"
specifiers = ["1.98.1"]

[tools.rust.options]
components = "clippy,rustfmt"
targets = "aarch64-apple-darwin,aarch64-unknown-linux-gnu,x86_64-apple-darwin,x86_64-unknown-linux-gnu,x86_64-unknown-linux-musl"
