# @generated - this file is auto-generated by `mise lock` https://mise.jdx.dev/dev-tools/mise-lock.html

lockfile_version = 1

[[tools."aqua:nextest-rs/nextest/cargo-nextest"]]
version = "0.9.143"
backend = "aqua:nextest-rs/nextest/cargo-nextest"
specifiers = ["0.9.143"]

[tools."aqua:nextest-rs/nextest/cargo-nextest"."platforms.linux-arm64"]
checksum = "sha256:2a64b3566a92508550a7ab29c3e8db25472ca37730ecb4d22100b6aa440c2a68"
url = "https://github.com/nextest-rs/nextest/releases/download/cargo-nextest-0.9.143/cargo-nextest-0.9.143-aarch64-unknown-linux-gnu.tar.gz"
url_api = "https://api.github.com/repos/nextest-rs/nextest/releases/assets/501881925"

[tools."aqua:nextest-rs/nextest/cargo-nextest"."platforms.linux-x64"]
checksum = "sha256:66786b9abe23920d022a182d1416b1bbc8130dd4872a9553d76985a1708dcd1e"
url = "https://github.com/nextest-rs/nextest/releases/download/cargo-nextest-0.9.143/cargo-nextest-0.9.143-x86_64-unknown-linux-gnu.tar.gz"
url_api = "https://api.github.com/repos/nextest-rs/nextest/releases/assets/501882467"

[[tools."cargo:cargo-deny"]]
version = "0.20.2"
backend = "cargo:cargo-deny"
specifiers = ["0.20.2"]

[[tools.cosign]]
version = "3.1.3"
backend = "aqua:sigstore/cosign"
specifiers = ["3.1.3"]

[tools.cosign."platforms.linux-arm64"]
checksum = "sha256:c5d324e091826b0d7a78eb16fef316450b4eb9aaec045611c08ba06f5e73220a"
url = "https://github.com/sigstore/cosign/releases/download/v3.1.3/cosign-linux-arm64"
url_api = "https://api.github.com/repos/sigstore/cosign/releases/assets/503286299"
provenance = "cosign"

[tools.cosign."platforms.linux-x64"]
checksum = "sha256:4629c757b7618056f8ddd7e2625ae9fdd94c0372a65049520bc7d9df9efc7f71"
url = "https://github.com/sigstore/cosign/releases/download/v3.1.3/cosign-linux-amd64"
url_api = "https://api.github.com/repos/sigstore/cosign/releases/assets/503286005"
provenance = "cosign"

[[tools.gh]]
version = "2.97.0"
backend = "aqua:cli/cli"
specifiers = ["2.97.0"]

[tools.gh."platforms.linux-arm64"]
checksum = "sha256:73ea440ecad9c9e284429997ee6f93577bc6f7bc6fba357ef62c53ad8fb641a5"
url = "https://github.com/cli/cli/releases/download/v2.97.0/gh_2.97.0_linux_arm64.tar.gz"
url_api = "https://api.github.com/repos/cli/cli/releases/assets/496108278"
provenance = "github-attestations"

[tools.gh."platforms.linux-x64"]
checksum = "sha256:a2c9b8497e1f85b1ad0dfcb78b5a622e098801b8e461e459e88e1ee12f018112"
url = "https://github.com/cli/cli/releases/download/v2.97.0/gh_2.97.0_linux_amd64.tar.gz"
url_api = "https://api.github.com/repos/cli/cli/releases/assets/496108269"
provenance = "github-attestations"

[[tools."github:fornwall/rust-script"]]
version = "0.36.0"
backend = "github:fornwall/rust-script"
specifiers = ["0.36.0"]

[tools."github:fornwall/rust-script"."platforms.linux-arm64"]
checksum = "sha256:650059eae66de119bf29853bb4a0820a01a6c278e17b1e6a53f9a0ca6ebc74db"
url = "https://github.com/fornwall/rust-script/releases/download/0.36.0/rust-script-aarch64-unknown-linux-gnu.tar.gz"
url_api = "https://api.github.com/repos/fornwall/rust-script/releases/assets/283099327"

[tools."github:fornwall/rust-script"."platforms.linux-x64"]
checksum = "sha256:974484518ebd6dbe18f356fd5446171c43dc590d7189c53e7482b36c3af88a4b"
url = "https://github.com/fornwall/rust-script/releases/download/0.36.0/rust-script-x86_64-unknown-linux-gnu.tar.gz"
url_api = "https://api.github.com/repos/fornwall/rust-script/releases/assets/283099032"

[[tools."github:kunobi-ninja/kache"]]
version = "0.14.2"
backend = "github:kunobi-ninja/kache"
specifiers = ["0.14.2"]

[tools."github:kunobi-ninja/kache"."platforms.linux-arm64"]
checksum = "sha256:2892fd7d6243ec791879c5538691ddc501934ae8a70f5bdf497567eafcce1d39"
url = "https://github.com/kunobi-ninja/kache/releases/download/v0.14.2/kache-aarch64-unknown-linux-musl.tar.gz"
url_api = "https://api.github.com/repos/kunobi-ninja/kache/releases/assets/512934148"
provenance = "github-attestations"

[tools."github:kunobi-ninja/kache"."platforms.linux-x64"]
checksum = "sha256:8cc4a3eb1621268732c030b3c74bbf3066fae905e4ed0f27e32aeca836b3e95a"
url = "https://github.com/kunobi-ninja/kache/releases/download/v0.14.2/kache-x86_64-unknown-linux-musl.tar.gz"
url_api = "https://api.github.com/repos/kunobi-ninja/kache/releases/assets/512934175"
provenance = "github-attestations"

[[tools.hadolint]]
version = "2.15.1"
backend = "aqua:hadolint/hadolint"
specifiers = ["2.15.1"]

[tools.hadolint."platforms.linux-arm64"]
checksum = "sha256:f6198ef8090f404dbb771abfee086eb8c48ac177f30da7fd3510aca35b344b5d"
url = "https://github.com/hadolint/hadolint/releases/download/v2.15.1/hadolint-linux-arm64"
url_api = "https://api.github.com/repos/hadolint/hadolint/releases/assets/496546507"
provenance = "github-attestations"

[tools.hadolint."platforms.linux-x64"]
checksum = "sha256:c7187db94eeeeca956519a6af171adc31453941a1e777961f6e680f697c8c507"
url = "https://github.com/hadolint/hadolint/releases/download/v2.15.1/hadolint-linux-x86_64"
url_api = "https://api.github.com/repos/hadolint/hadolint/releases/assets/496546506"
provenance = "github-attestations"

[[tools.just]]
version = "1.58.0"
backend = "aqua:casey/just"
specifiers = ["1.58.0"]

[tools.just."platforms.linux-arm64"]
checksum = "sha256:748237128c4c40cbdabc65e841d05ceba13cc23a91eaba395495894c1d9764df"
url = "https://github.com/casey/just/releases/download/1.58.0/just-1.58.0-aarch64-unknown-linux-musl.tar.gz"
url_api = "https://api.github.com/repos/casey/just/releases/assets/500510099"

[tools.just."platforms.linux-x64"]
checksum = "sha256:4a5cc2f53e6f0f8c59092a6cc38291eb729d46a7dd95d3ae582008881b84931d"
url = "https://github.com/casey/just/releases/download/1.58.0/just-1.58.0-x86_64-unknown-linux-musl.tar.gz"
url_api = "https://api.github.com/repos/casey/just/releases/assets/500509978"

[[tools.mold]]
version = "2.41.0"
backend = "aqua:rui314/mold"
specifiers = ["2.41.0"]

[tools.mold."platforms.linux-arm64"]
checksum = "sha256:946de2774b06a71346bd59b55fddba610b65b8d93c3a4a1559cc84e103472710"
url = "https://github.com/rui314/mold/releases/download/v2.41.0/mold-2.41.0-aarch64-linux.tar.gz"
url_api = "https://api.github.com/repos/rui314/mold/releases/assets/395509405"

[tools.mold."platforms.linux-x64"]
checksum = "sha256:a3696680d99e692970590a178bc3a33d78d60d1c6dc9db7a11b557b02b751f5d"
url = "https://github.com/rui314/mold/releases/download/v2.41.0/mold-2.41.0-x86_64-linux.tar.gz"
url_api = "https://api.github.com/repos/rui314/mold/releases/assets/395509419"

[[tools.node]]
version = "26.5.0"
backend = "core:node"
specifiers = ["26.5.0"]

[tools.node."platforms.linux-arm64"]
checksum = "sha256:308e5fe89a82461ba5a6cf15ff5221b2cdbd7ae87600aa72bb3c3fbdc66412d1"
url = "https://nodejs.org/dist/v26.5.0/node-v26.5.0-linux-arm64.tar.gz"

[tools.node."platforms.linux-x64"]
checksum = "sha256:22b5f47ad6ae78837e4c2b846019965ce1a06ba143de176102294a1bf44fc677"
url = "https://nodejs.org/dist/v26.5.0/node-v26.5.0-linux-x64.tar.gz"

[[tools.protoc]]
version = "35.1"
backend = "aqua:protocolbuffers/protobuf/protoc"
specifiers = ["35.1"]

[tools.protoc."platforms.linux-arm64"]
checksum = "sha256:01bf9d08808c7f96678b63f4bd8efa559bb4f83d5a7a270d5edaf507f9d5d9cf"
url = "https://github.com/protocolbuffers/protobuf/releases/download/v35.1/protoc-35.1-linux-aarch_64.zip"
url_api = "https://api.github.com/repos/protocolbuffers/protobuf/releases/assets/445060236"

[tools.protoc."platforms.linux-x64"]
checksum = "sha256:6930ebf62bd4ea607b98fff052596c6ee564b9835b4ce172c75a3f53ae9d91b7"
url = "https://github.com/protocolbuffers/protobuf/releases/download/v35.1/protoc-35.1-linux-x86_64.zip"
url_api = "https://api.github.com/repos/protocolbuffers/protobuf/releases/assets/445060247"

[[tools.python]]
version = "3.14.7"
backend = "core:python"
specifiers = ["3.14.7"]

[tools.python."platforms.linux-arm64"]
checksum = "sha256:7f0b801b0ba2c74531cd2e66ee898569cdf1f323a24383576f2a6761001e01f1"
url = "https://github.com/astral-sh/python-build-standalone/releases/download/20260825/cpython-3.14.7+20260825-aarch64-unknown-linux-gnu-install_only_stripped.tar.gz"
provenance = "github-attestations"

[tools.python."platforms.linux-x64"]
checksum = "sha256:a0f39e822fd3b96a2605f30f954acf9a2cdf91faa1385a13e24bc407a41e05ea"
url = "https://github.com/astral-sh/python-build-standalone/releases/download/20260825/cpython-3.14.7+20260825-x86_64-unknown-linux-gnu-install_only_stripped.tar.gz"
provenance = "github-attestations"

[[tools.rust]]
version = "1.98.0"
backend = "core:rust"
specifiers = ["1.98.0"]

[tools.rust.options]
components = "clippy,rustfmt"
targets = "aarch64-apple-darwin,aarch64-unknown-linux-gnu,x86_64-apple-darwin,x86_64-unknown-linux-gnu,x86_64-unknown-linux-musl"

[[tools.sccache]]
version = "0.16.0"
backend = "aqua:mozilla/sccache"
specifiers = ["0.16.0"]

[tools.sccache."platforms.linux-arm64"]
checksum = "sha256:f73a5c39f96bb6ebb89cc7915cf182260d4cbf30765322c5e793d0fe8bd80784"
url = "https://github.com/mozilla/sccache/releases/download/v0.16.0/sccache-v0.16.0-aarch64-unknown-linux-musl.tar.gz"
url_api = "https://api.github.com/repos/mozilla/sccache/releases/assets/452060468"

[tools.sccache."platforms.linux-x64"]
checksum = "sha256:aec995a83ad3dff3d14b6314e08858b7b73d35ca85a5bcf3d3a9ec07dee35588"
url = "https://github.com/mozilla/sccache/releases/download/v0.16.0/sccache-v0.16.0-x86_64-unknown-linux-musl.tar.gz"
url_api = "https://api.github.com/repos/mozilla/sccache/releases/assets/452060682"
